
Microsoft Visual Studio Solution File, Format Version 12.00
# Visual Studio Version 16
VisualStudioVersion = 16.0.31112.23
MinimumVisualStudioVersion = 10.0.40219.1
Project("{8BC9CEB8-8B4A-11D0-8D11-00A0C91BC942}") = "LOGIC", "LOGIC.vcxproj", "{0D908A73-07DE-4975-BED1-13110C4AC41C}"
EndProject
Global
	GlobalSection(SolutionConfigurationPlatforms) = preSolution
		Debug|x64 = Debug|x64
		Debug|x86 = Debug|x86
		Release|x64 = Release|x64
		Release|x86 = Release|x86
	EndGlobalSection
	GlobalSection(ProjectConfigurationPlatforms) = postSolution
		{0D908A73-07DE-4975-BED1-13110C4AC41C}.Debug|x64.ActiveCfg = Debug|x64
		{0D908A73-07DE-4975-BED1-13110C4AC41C}.Debug|x64.Build.0 = Debug|x64
		{0D908A73-07DE-4975-BED1-13110C4AC41C}.Debug|x86.ActiveCfg = Debug|Win32
		{0D908A73-07DE-4975-BED1-13110C4AC41C}.Debug|x86.Build.0 = Debug|Win32
		{0D908A73-07DE-4975-BED1-13110C4AC41C}.Release|x64.ActiveCfg = Release|x64
		{0D908A73-07DE-4975-BED1-13110C4AC41C}.Release|x64.Build.0 = Release|x64
		{0D908A73-07DE-4975-BED1-13110C4AC41C}.Release|x86.ActiveCfg = Release|Win32
		{0D908A73-07DE-4975-BED1-13110C4AC41C}.Release|x86.Build.0 = Release|Win32
	EndGlobalSection
	GlobalSection(SolutionProperties) = preSolution
		HideSolutionNode = FALSE
	EndGlobalSection
	GlobalSection(ExtensibilityGlobals) = postSolution
		SolutionGuid = {95ED87A0-5D8E-458C-A4B0-2A2A6CF25FEE}
	EndGlobalSection
EndGlobal
